// !$*UTF8*$!
{
	archiveVersion = 1;
	classes = {
	};
	objectVersion = 46;
	objects = {

/* Begin PBXBuildFile section */
		966231FE1D1C3DE600328BF6 /* AppDelegate.swift in Sources */ = {isa = PBXBuildFile; fileRef = 966231FD1D1C3DE600328BF6 /* AppDelegate.swift */; };
		966232001D1C3DE600328BF6 /* FaceViewController.swift in Sources */ = {isa = PBXBuildFile; fileRef = 966231FF1D1C3DE600328BF6 /* FaceViewController.swift */; };
		966232031D1C3DE600328BF6 /* Main.storyboard in Resources */ = {isa = PBXBuildFile; fileRef = 966232011D1C3DE600328BF6 /* Main.storyboard */; };
		966232051D1C3DE600328BF6 /* Assets.xcassets in Resources */ = {isa = PBXBuildFile; fileRef = 966232041D1C3DE600328BF6 /* Assets.xcassets */; };
		966232081D1C3DE600328BF6 /* LaunchScreen.storyboard in Resources */ = {isa = PBXBuildFile; fileRef = 966232061D1C3DE600328BF6 /* LaunchScreen.storyboard */; };
		966232131D1C3EAA00328BF6 /* FaceView.swift in Sources */ = {isa = PBXBuildFile; fileRef = 966232121D1C3EAA00328BF6 /* FaceView.swift */; };
/* End PBXBuildFile section */

/* Begin PBXFileReference section */
		966231FA1D1C3DE600328BF6 /* FaceIt.app */ = {isa = PBXFileReference; explicitFileType = wrapper.application; includeInIndex = 0; path = FaceIt.app; sourceTree = BUILT_PRODUCTS_DIR; };
		966231FD1D1C3DE600328BF6 /* AppDelegate.swift */ = {isa = PBXFileReference; lastKnownFileType = sourcecode.swift; path = AppDelegate.swift; sourceTree = "<group>"; };
		966231FF1D1C3DE600328BF6 /* FaceViewController.swift */ = {isa = PBXFileReference; lastKnownFileType = sourcecode.swift; path = FaceViewController.swift; sourceTree = "<group>"; };
		966232021D1C3DE600328BF6 /* Base */ = {isa = PBXFileReference; lastKnownFileType = file.storyboard; name = Base; path = Base.lproj/Main.storyboard; sourceTree = "<group>"; };
		966232041D1C3DE600328BF6 /* Assets.xcassets */ = {isa = PBXFileReference; lastKnownFileType = folder.assetcatalog; path = Assets.xcassets; sourceTree = "<group>"; };
		966232071D1C3DE600328BF6 /* Base */ = {isa = PBXFileReference; lastKnownFileType = file.storyboard; name = Base; path = Base.lproj/LaunchScreen.storyboard; sourceTree = "<group>"; };
		966232091D1C3DE600328BF6 /* Info.plist */ = {isa = PBXFileReference; lastKnownFileType = text.plist.xml; path = Info.plist; sourceTree = "<group>"; };
		966232121D1C3EAA00328BF6 /* FaceView.swift */ = {isa = PBXFileReference; fileEncoding = 4; lastKnownFileType = sourcecode.swift; path = FaceView.swift; sourceTree = "<group>"; };
/* End PBXFileReference section */

/* Begin PBXFrameworksBuildPhase section */
		966231F71D1C3DE600328BF6 /* Frameworks */ = {
			isa = PBXFrameworksBuildPhase;
			buildActionMask = 2147483647;
			files = (
			);
			runOnlyForDeploymentPostprocessing = 0;
		};
/* End PBXFrameworksBuildPhase section */

/* Begin PBXGroup section */
		966231F11D1C3DE600328BF6 = {
			isa = PBXGroup;
			children = (
				966231FC1D1C3DE600328BF6 /* FaceIt */,
				966231FB1D1C3DE600328BF6 /* Products */,
			);
			sourceTree = "<group>";
		};
		966231FB1D1C3DE600328BF6 /* Products */ = {
			isa = PBXGroup;
			children = (
				966231FA1D1C3DE600328BF6 /* FaceIt.app */,
			);
			name = Products;
			sourceTree = "<group>";
		};
		966231FC1D1C3DE600328BF6 /* FaceIt */ = {
			isa = PBXGroup;
			children = (
				9662320F1D1C3DF800328BF6 /* Supporting Files */,
				966231FF1D1C3DE600328BF6 /* FaceViewController.swift */,
				966232121D1C3EAA00328BF6 /* FaceView.swift */,
				966232011D1C3DE600328BF6 /* Main.storyboard */,
			);
			path = FaceIt;
			sourceTree = "<group>";
		};
		9662320F1D1C3DF800328BF6 /* Supporting Files */ = {
			isa = PBXGroup;
			children = (
				966231FD1D1C3DE600328BF6 /* AppDelegate.swift */,
				966232041D1C3DE600328BF6 /* Assets.xcassets */,
				966232061D1C3DE600328BF6 /* LaunchScreen.storyboard */,
				966232091D1C3DE600328BF6 /* Info.plist */,
			);
			name = "Supporting Files";
			sourceTree = "<group>";
		};
/* End PBXGroup section */

/* Begin PBXNativeTarget section */
		966231F91D1C3DE600328BF6 /* FaceIt */ = {
			isa = PBXNativeTarget;
			buildConfigurationList = 9662320C1D1C3DE600328BF6 /* Build configuration list for PBXNativeTarget "FaceIt" */;
			buildPhases = (
				966231F61D1C3DE600328BF6 /* Sources */,
				966231F71D1C3DE600328BF6 /* Frameworks */,
				966231F81D1C3DE600328BF6 /* Resources */,
			);
			buildRules = (
			);
			dependencies = (
			);
			name = FaceIt;
			productName = FaceIt;
			productReference = 966231FA1D1C3DE600328BF6 /* FaceIt.app */;
			productType = "com.apple.product-type.application";
		};
/* End PBXNativeTarget section */

/* Begin PBXProject section */
		966231F21D1C3DE600328BF6 /* Project object */ = {
			isa = PBXProject;
			attributes = {
				LastSwiftUpdateCheck = 0730;
				LastUpgradeCheck = 0730;
				ORGANIZATIONNAME = WangJace;
				TargetAttributes = {
					966231F91D1C3DE600328BF6 = {
						CreatedOnToolsVersion = 7.3.1;
					};
				};
			};
			buildConfigurationList = 966231F51D1C3DE600328BF6 /* Build configuration list for PBXProject "FaceIt" */;
			compatibilityVersion = "Xcode 3.2";
			developmentRegion = English;
			hasScannedForEncodings = 0;
			knownRegions = (
				en,
				Base,
			);
			mainGroup = 966231F11D1C3DE600328BF6;
			productRefGroup = 966231FB1D1C3DE600328BF6 /* Products */;
			projectDirPath = "";
			projectRoot = "";
			targets = (
				966231F91D1C3DE600328BF6 /* FaceIt */,
			);
		};
/* End PBXProject section */

/* Begin PBXResourcesBuildPhase section */
		966231F81D1C3DE600328BF6 /* Resources */ = {
			isa = PBXResourcesBuildPhase;
			buildActionMask = 2147483647;
			files = (
				966232081D1C3DE600328BF6 /* LaunchScreen.storyboard in Resources */,
				966232051D1C3DE600328BF6 /* Assets.xcassets in Resources */,
				966232031D1C3DE600328BF6 /* Main.storyboard in Resources */,
			);
			runOnlyForDeploymentPostprocessing = 0;
		};
/* End PBXResourcesBuildPhase section */

/* Begin PBXSourcesBuildPhase section */
		966231F61D1C3DE600328BF6 /* Sources */ = {
			isa = PBXSourcesBuildPhase;
			buildActionMask = 2147483647;
			files = (
				966232001D1C3DE600328BF6 /* FaceViewController.swift in Sources */,
				966231FE1D1C3DE600328BF6 /* AppDelegate.swift in Sources */,
				966232131D1C3EAA00328BF6 /* FaceView.swift in Sources */,
			);
			runOnlyForDeploymentPostprocessing = 0;
		};
/* End PBXSourcesBuildPhase section */

/* Begin PBXVariantGroup section */
		966232011D1C3DE600328BF6 /* Main.storyboard */ = {
			isa = PBXVariantGroup;
			children = (
				966232021D1C3DE600328BF6 /* Base */,
			);
			name = Main.storyboard;
			sourceTree = "<group>";
		};
		966232061D1C3DE600328BF6 /* LaunchScreen.storyboard */ = {
			isa = PBXVariantGroup;
			children = (
				966232071D1C3DE600328BF6 /* Base */,
			);
			name = LaunchScreen.storyboard;
			sourceTree = "<group>";
		};
/* End PBXVariantGroup section */

/* Begin XCBuildConfiguration section */
		9662320A1D1C3DE600328BF6 /* Debug */ = {
			isa = XCBuildConfiguration;
			buildSettings = {
				ALWAYS_SEARCH_USER_PATHS = NO;
				CLANG_ANALYZER_NONNULL = YES;
				CLANG_CXX_LANGUAGE_STANDARD = "gnu++0x";
				CLANG_CXX_LIBRARY = "libc++";
				CLANG_ENABLE_MODULES = YES;
				CLANG_ENABLE_OBJC_ARC = YES;
				CLANG_WARN_BOOL_CONVERSION = YES;
				CLANG_WARN_CONSTANT_CONVERSION = YES;
				CLANG_WARN_DIRECT_OBJC_ISA_USAGE = YES_ERROR;
				CLANG_WARN_EMPTY_BODY = YES;
				CLANG_WARN_ENUM_CONVERSION = YES;
				CLANG_WARN_INT_CONVERSION = YES;
				CLANG_WARN_OBJC_ROOT_CLASS = YES_ERROR;
				CLANG_WARN_UNREACHABLE_CODE = YES;
				CLANG_WARN__DUPLICATE_METHOD_MATCH = YES;
				"CODE_SIGN_IDENTITY[sdk=iphoneos*]" = "iPhone Developer";
				COPY_PHASE_STRIP = NO;
				DEBUG_INFORMATION_FORMAT = dwarf;
				ENABLE_STRICT_OBJC_MSGSEND = YES;
				ENABLE_TESTABILITY = YES;
				GCC_C_LANGUAGE_STANDARD = gnu99;
				GCC_DYNAMIC_NO_PIC = NO;
				GCC_NO_COMMON_BLOCKS = YES;
				GCC_OPTIMIZATION_LEVEL = 0;
				GCC_PREPROCESSOR_DEFINITIONS = (
					"DEBUG=1",
					"$(inherited)",
				);
				GCC_WARN_64_TO_32_BIT_CONVERSION = YES;
				GCC_WARN_ABOUT_RETURN_TYPE = YES_ERROR;
				GCC_WARN_UNDECLARED_SELECTOR = YES;
				GCC_WARN_UNINITIALIZED_AUTOS = YES_AGGRESSIVE;
				GCC_WARN_UNUSED_FUNCTION = YES;
				GCC_WARN_UNUSED_VARIABLE = YES;
				IPHONEOS_DEPLOYMENT_TARGET = 9.3;
				MTL_ENABLE_DEBUG_INFO = YES;
				ONLY_ACTIVE_ARCH = YES;
				SDKROOT = iphoneos;
				SWIFT_OPTIMIZATION_LEVEL = "-Onone";
				TARGETED_DEVICE_FAMILY = "1,2";
			};
			name = Debug;
		};
		9662320B1D1C3DE600328BF6 /* Release */ = {
			isa = XCBuildConfiguration;
			buildSettings = {
				ALWAYS_SEARCH_USER_PATHS = NO;
				CLANG_ANALYZER_NONNULL = YES;
				CLANG_CXX_LANGUAGE_STANDARD = "gnu++0x";
				CLANG_CXX_LIBRARY = "libc++";
				CLANG_ENABLE_MODULES = YES;
				CLANG_ENABLE_OBJC_ARC = YES;
				CLANG_WARN_BOOL_CONVERSION = YES;
				CLANG_WARN_CONSTANT_CONVERSION = YES;
				CLANG_WARN_DIRECT_OBJC_ISA_USAGE = YES_ERROR;
				CLANG_WARN_EMPTY_BODY = YES;
				CLANG_WARN_ENUM_CONVERSION = YES;
				CLANG_WARN_INT_CONVERSION = YES;
				CLANG_WARN_OBJC_ROOT_CLASS = YES_ERROR;
				CLANG_WARN_UNREACHABLE_CODE = YES;
				CLANG_WARN__DUPLICATE_METHOD_MATCH = YES;
				"CODE_SIGN_IDENTITY[sdk=iphoneos*]" = "iPhone Developer";
				COPY_PHASE_STRIP = NO;
				DEBUG_INFORMATION_FORMAT = "dwarf-with-dsym";
				ENABLE_NS_ASSERTIONS = NO;
				ENABLE_STRICT_OBJC_MSGSEND = YES;
				GCC_C_LANGUAGE_STANDARD = gnu99;
				GCC_NO_COMMON_BLOCKS = YES;
				GCC_WARN_64_TO_32_BIT_CONVERSION = YES;
				GCC_WARN_ABOUT_RETURN_TYPE = YES_ERROR;
				GCC_WARN_UNDECLARED_SELECTOR = YES;
				GCC_WARN_UNINITIALIZED_AUTOS = YES_AGGRESSIVE;
				GCC_WARN_UNUSED_FUNCTION = YES;
				GCC_WARN_UNUSED_VARIABLE = YES;
				IPHONEOS_DEPLOYMENT_TARGET = 9.3;
				MTL_ENABLE_DEBUG_INFO = NO;
				SDKROOT = iphoneos;
				TARGETED_DEVICE_FAMILY = "1,2";
				VALIDATE_PRODUCT = YES;
			};
			name = Release;
		};
		9662320D1D1C3DE600328BF6 /* Debug */ = {
			isa = XCBuildConfiguration;
			buildSettings = {
				ASSETCATALOG_COMPILER_APPICON_NAME = AppIcon;
				INFOPLIST_FILE = FaceIt/Info.plist;
				LD_RUNPATH_SEARCH_PATHS = "$(inherited) @executable_path/Frameworks";
				PRODUCT_BUNDLE_IDENTIFIER = edu.stanford.FaceIt;
				PRODUCT_NAME = "$(TARGET_NAME)";
			};
			name = Debug;
		};
		9662320E1D1C3DE600328BF6 /* Release */ = {
			isa = XCBuildConfiguration;
			buildSettings = {
				ASSETCATALOG_COMPILER_APPICON_NAME = AppIcon;
				INFOPLIST_FILE = FaceIt/Info.plist;
				LD_RUNPATH_SEARCH_PATHS = "$(inherited) @executable_path/Frameworks";
				PRODUCT_BUNDLE_IDENTIFIER = edu.stanford.FaceIt;
				PRODUCT_NAME = "$(TARGET_NAME)";
			};
			name = Release;
		};
/* End XCBuildConfiguration section */

/* Begin XCConfigurationList section */
		966231F51D1C3DE600328BF6 /* Build configuration list for PBXProject "FaceIt" */ = {
			isa = XCConfigurationList;
			buildConfigurations = (
				9662320A1D1C3DE600328BF6 /* Debug */,
				9662320B1D1C3DE600328BF6 /* Release */,
			);
			defaultConfigurationIsVisible = 0;
			defaultConfigurationName = Release;
		};
		9662320C1D1C3DE600328BF6 /* Build configuration list for PBXNativeTarget "FaceIt" */ = {
			isa = XCConfigurationList;
			buildConfigurations = (
				9662320D1D1C3DE600328BF6 /* Debug */,
				9662320E1D1C3DE600328BF6 /* Release */,
			);
			defaultConfigurationIsVisible = 0;
		};
/* End XCConfigurationList section */
	};
	rootObject = 966231F21D1C3DE600328BF6 /* Project object */;
}
