// !$*UTF8*$!
{
	archiveVersion = 1;
	classes = {
	};
	objectVersion = 46;
	objects = {

/* Begin PBXBuildFile section */
		9625F8C81D4A597F003B1367 /* AppDelegate.swift in Sources */ = {isa = PBXBuildFile; fileRef = 9625F8C71D4A597F003B1367 /* AppDelegate.swift */; };
		9625F8CD1D4A597F003B1367 /* Main.storyboard in Resources */ = {isa = PBXBuildFile; fileRef = 9625F8CB1D4A597F003B1367 /* Main.storyboard */; };
		9625F8CF1D4A597F003B1367 /* Assets.xcassets in Resources */ = {isa = PBXBuildFile; fileRef = 9625F8CE1D4A597F003B1367 /* Assets.xcassets */; };
		9625F8D21D4A597F003B1367 /* LaunchScreen.storyboard in Resources */ = {isa = PBXBuildFile; fileRef = 9625F8D01D4A597F003B1367 /* LaunchScreen.storyboard */; };
		9625F8DD1D4A5A3A003B1367 /* TweetTableViewController.swift in Sources */ = {isa = PBXBuildFile; fileRef = 9625F8DC1D4A5A3A003B1367 /* TweetTableViewController.swift */; };
/* End PBXBuildFile section */

/* Begin PBXFileReference section */
		9625F8C41D4A597F003B1367 /* Smashtag.app */ = {isa = PBXFileReference; explicitFileType = wrapper.application; includeInIndex = 0; path = Smashtag.app; sourceTree = BUILT_PRODUCTS_DIR; };
		9625F8C71D4A597F003B1367 /* AppDelegate.swift */ = {isa = PBXFileReference; lastKnownFileType = sourcecode.swift; path = AppDelegate.swift; sourceTree = "<group>"; };
		9625F8CC1D4A597F003B1367 /* Base */ = {isa = PBXFileReference; lastKnownFileType = file.storyboard; name = Base; path = Base.lproj/Main.storyboard; sourceTree = "<group>"; };
		9625F8CE1D4A597F003B1367 /* Assets.xcassets */ = {isa = PBXFileReference; lastKnownFileType = folder.assetcatalog; path = Assets.xcassets; sourceTree = "<group>"; };
		9625F8D11D4A597F003B1367 /* Base */ = {isa = PBXFileReference; lastKnownFileType = file.storyboard; name = Base; path = Base.lproj/LaunchScreen.storyboard; sourceTree = "<group>"; };
		9625F8D31D4A597F003B1367 /* Info.plist */ = {isa = PBXFileReference; lastKnownFileType = text.plist.xml; path = Info.plist; sourceTree = "<group>"; };
		9625F8DC1D4A5A3A003B1367 /* TweetTableViewController.swift */ = {isa = PBXFileReference; fileEncoding = 4; lastKnownFileType = sourcecode.swift; path = TweetTableViewController.swift; sourceTree = "<group>"; };
/* End PBXFileReference section */

/* Begin PBXFrameworksBuildPhase section */
		9625F8C11D4A597F003B1367 /* Frameworks */ = {
			isa = PBXFrameworksBuildPhase;
			buildActionMask = 2147483647;
			files = (
			);
			runOnlyForDeploymentPostprocessing = 0;
		};
/* End PBXFrameworksBuildPhase section */

/* Begin PBXGroup section */
		9625F8BB1D4A597F003B1367 = {
			isa = PBXGroup;
			children = (
				9625F8C61D4A597F003B1367 /* Smashtag */,
				9625F8C51D4A597F003B1367 /* Products */,
			);
			sourceTree = "<group>";
		};
		9625F8C51D4A597F003B1367 /* Products */ = {
			isa = PBXGroup;
			children = (
				9625F8C41D4A597F003B1367 /* Smashtag.app */,
			);
			name = Products;
			sourceTree = "<group>";
		};
		9625F8C61D4A597F003B1367 /* Smashtag */ = {
			isa = PBXGroup;
			children = (
				9625F8CB1D4A597F003B1367 /* Main.storyboard */,
				9625F8DC1D4A5A3A003B1367 /* TweetTableViewController.swift */,
				9625F8D91D4A599B003B1367 /* Supporting Files */,
			);
			path = Smashtag;
			sourceTree = "<group>";
		};
		9625F8D91D4A599B003B1367 /* Supporting Files */ = {
			isa = PBXGroup;
			children = (
				9625F8C71D4A597F003B1367 /* AppDelegate.swift */,
				9625F8CE1D4A597F003B1367 /* Assets.xcassets */,
				9625F8D01D4A597F003B1367 /* LaunchScreen.storyboard */,
				9625F8D31D4A597F003B1367 /* Info.plist */,
			);
			name = "Supporting Files";
			sourceTree = "<group>";
		};
/* End PBXGroup section */

/* Begin PBXNativeTarget section */
		9625F8C31D4A597F003B1367 /* Smashtag */ = {
			isa = PBXNativeTarget;
			buildConfigurationList = 9625F8D61D4A597F003B1367 /* Build configuration list for PBXNativeTarget "Smashtag" */;
			buildPhases = (
				9625F8C01D4A597F003B1367 /* Sources */,
				9625F8C11D4A597F003B1367 /* Frameworks */,
				9625F8C21D4A597F003B1367 /* Resources */,
			);
			buildRules = (
			);
			dependencies = (
			);
			name = Smashtag;
			productName = Smashtag;
			productReference = 9625F8C41D4A597F003B1367 /* Smashtag.app */;
			productType = "com.apple.product-type.application";
		};
/* End PBXNativeTarget section */

/* Begin PBXProject section */
		9625F8BC1D4A597F003B1367 /* Project object */ = {
			isa = PBXProject;
			attributes = {
				LastSwiftUpdateCheck = 0730;
				LastUpgradeCheck = 0730;
				ORGANIZATIONNAME = WangJace;
				TargetAttributes = {
					9625F8C31D4A597F003B1367 = {
						CreatedOnToolsVersion = 7.3.1;
					};
				};
			};
			buildConfigurationList = 9625F8BF1D4A597F003B1367 /* Build configuration list for PBXProject "Smashtag" */;
			compatibilityVersion = "Xcode 3.2";
			developmentRegion = English;
			hasScannedForEncodings = 0;
			knownRegions = (
				en,
				Base,
			);
			mainGroup = 9625F8BB1D4A597F003B1367;
			productRefGroup = 9625F8C51D4A597F003B1367 /* Products */;
			projectDirPath = "";
			projectRoot = "";
			targets = (
				9625F8C31D4A597F003B1367 /* Smashtag */,
			);
		};
/* End PBXProject section */

/* Begin PBXResourcesBuildPhase section */
		9625F8C21D4A597F003B1367 /* Resources */ = {
			isa = PBXResourcesBuildPhase;
			buildActionMask = 2147483647;
			files = (
				9625F8D21D4A597F003B1367 /* LaunchScreen.storyboard in Resources */,
				9625F8CF1D4A597F003B1367 /* Assets.xcassets in Resources */,
				9625F8CD1D4A597F003B1367 /* Main.storyboard in Resources */,
			);
			runOnlyForDeploymentPostprocessing = 0;
		};
/* End PBXResourcesBuildPhase section */

/* Begin PBXSourcesBuildPhase section */
		9625F8C01D4A597F003B1367 /* Sources */ = {
			isa = PBXSourcesBuildPhase;
			buildActionMask = 2147483647;
			files = (
				9625F8C81D4A597F003B1367 /* AppDelegate.swift in Sources */,
				9625F8DD1D4A5A3A003B1367 /* TweetTableViewController.swift in Sources */,
			);
			runOnlyForDeploymentPostprocessing = 0;
		};
/* End PBXSourcesBuildPhase section */

/* Begin PBXVariantGroup section */
		9625F8CB1D4A597F003B1367 /* Main.storyboard */ = {
			isa = PBXVariantGroup;
			children = (
				9625F8CC1D4A597F003B1367 /* Base */,
			);
			name = Main.storyboard;
			sourceTree = "<group>";
		};
		9625F8D01D4A597F003B1367 /* LaunchScreen.storyboard */ = {
			isa = PBXVariantGroup;
			children = (
				9625F8D11D4A597F003B1367 /* Base */,
			);
			name = LaunchScreen.storyboard;
			sourceTree = "<group>";
		};
/* End PBXVariantGroup section */

/* Begin XCBuildConfiguration section */
		9625F8D41D4A597F003B1367 /* Debug */ = {
			isa = XCBuildConfiguration;
			buildSettings = {
				ALWAYS_SEARCH_USER_PATHS = NO;
				CLANG_ANALYZER_NONNULL = YES;
				CLANG_CXX_LANGUAGE_STANDARD = "gnu++0x";
				CLANG_CXX_LIBRARY = "libc++";
				CLANG_ENABLE_MODULES = YES;
				CLANG_ENABLE_OBJC_ARC = YES;
				CLANG_WARN_BOOL_CONVERSION = YES;
				CLANG_WARN_CONSTANT_CONVERSION = YES;
				CLANG_WARN_DIRECT_OBJC_ISA_USAGE = YES_ERROR;
				CLANG_WARN_EMPTY_BODY = YES;
				CLANG_WARN_ENUM_CONVERSION = YES;
				CLANG_WARN_INT_CONVERSION = YES;
				CLANG_WARN_OBJC_ROOT_CLASS = YES_ERROR;
				CLANG_WARN_UNREACHABLE_CODE = YES;
				CLANG_WARN__DUPLICATE_METHOD_MATCH = YES;
				"CODE_SIGN_IDENTITY[sdk=iphoneos*]" = "iPhone Developer";
				COPY_PHASE_STRIP = NO;
				DEBUG_INFORMATION_FORMAT = dwarf;
				ENABLE_STRICT_OBJC_MSGSEND = YES;
				ENABLE_TESTABILITY = YES;
				GCC_C_LANGUAGE_STANDARD = gnu99;
				GCC_DYNAMIC_NO_PIC = NO;
				GCC_NO_COMMON_BLOCKS = YES;
				GCC_OPTIMIZATION_LEVEL = 0;
				GCC_PREPROCESSOR_DEFINITIONS = (
					"DEBUG=1",
					"$(inherited)",
				);
				GCC_WARN_64_TO_32_BIT_CONVERSION = YES;
				GCC_WARN_ABOUT_RETURN_TYPE = YES_ERROR;
				GCC_WARN_UNDECLARED_SELECTOR = YES;
				GCC_WARN_UNINITIALIZED_AUTOS = YES_AGGRESSIVE;
				GCC_WARN_UNUSED_FUNCTION = YES;
				GCC_WARN_UNUSED_VARIABLE = YES;
				IPHONEOS_DEPLOYMENT_TARGET = 9.3;
				MTL_ENABLE_DEBUG_INFO = YES;
				ONLY_ACTIVE_ARCH = YES;
				SDKROOT = iphoneos;
				SWIFT_OPTIMIZATION_LEVEL = "-Onone";
			};
			name = Debug;
		};
		9625F8D51D4A597F003B1367 /* Release */ = {
			isa = XCBuildConfiguration;
			buildSettings = {
				ALWAYS_SEARCH_USER_PATHS = NO;
				CLANG_ANALYZER_NONNULL = YES;
				CLANG_CXX_LANGUAGE_STANDARD = "gnu++0x";
				CLANG_CXX_LIBRARY = "libc++";
				CLANG_ENABLE_MODULES = YES;
				CLANG_ENABLE_OBJC_ARC = YES;
				CLANG_WARN_BOOL_CONVERSION = YES;
				CLANG_WARN_CONSTANT_CONVERSION = YES;
				CLANG_WARN_DIRECT_OBJC_ISA_USAGE = YES_ERROR;
				CLANG_WARN_EMPTY_BODY = YES;
				CLANG_WARN_ENUM_CONVERSION = YES;
				CLANG_WARN_INT_CONVERSION = YES;
				CLANG_WARN_OBJC_ROOT_CLASS = YES_ERROR;
				CLANG_WARN_UNREACHABLE_CODE = YES;
				CLANG_WARN__DUPLICATE_METHOD_MATCH = YES;
				"CODE_SIGN_IDENTITY[sdk=iphoneos*]" = "iPhone Developer";
				COPY_PHASE_STRIP = NO;
				DEBUG_INFORMATION_FORMAT = "dwarf-with-dsym";
				ENABLE_NS_ASSERTIONS = NO;
				ENABLE_STRICT_OBJC_MSGSEND = YES;
				GCC_C_LANGUAGE_STANDARD = gnu99;
				GCC_NO_COMMON_BLOCKS = YES;
				GCC_WARN_64_TO_32_BIT_CONVERSION = YES;
				GCC_WARN_ABOUT_RETURN_TYPE = YES_ERROR;
				GCC_WARN_UNDECLARED_SELECTOR = YES;
				GCC_WARN_UNINITIALIZED_AUTOS = YES_AGGRESSIVE;
				GCC_WARN_UNUSED_FUNCTION = YES;
				GCC_WARN_UNUSED_VARIABLE = YES;
				IPHONEOS_DEPLOYMENT_TARGET = 9.3;
				MTL_ENABLE_DEBUG_INFO = NO;
				SDKROOT = iphoneos;
				VALIDATE_PRODUCT = YES;
			};
			name = Release;
		};
		9625F8D71D4A597F003B1367 /* Debug */ = {
			isa = XCBuildConfiguration;
			buildSettings = {
				ASSETCATALOG_COMPILER_APPICON_NAME = AppIcon;
				INFOPLIST_FILE = Smashtag/Info.plist;
				LD_RUNPATH_SEARCH_PATHS = "$(inherited) @executable_path/Frameworks";
				PRODUCT_BUNDLE_IDENTIFIER = WangJace.Smashtag;
				PRODUCT_NAME = "$(TARGET_NAME)";
			};
			name = Debug;
		};
		9625F8D81D4A597F003B1367 /* Release */ = {
			isa = XCBuildConfiguration;
			buildSettings = {
				ASSETCATALOG_COMPILER_APPICON_NAME = AppIcon;
				INFOPLIST_FILE = Smashtag/Info.plist;
				LD_RUNPATH_SEARCH_PATHS = "$(inherited) @executable_path/Frameworks";
				PRODUCT_BUNDLE_IDENTIFIER = WangJace.Smashtag;
				PRODUCT_NAME = "$(TARGET_NAME)";
			};
			name = Release;
		};
/* End XCBuildConfiguration section */

/* Begin XCConfigurationList section */
		9625F8BF1D4A597F003B1367 /* Build configuration list for PBXProject "Smashtag" */ = {
			isa = XCConfigurationList;
			buildConfigurations = (
				9625F8D41D4A597F003B1367 /* Debug */,
				9625F8D51D4A597F003B1367 /* Release */,
			);
			defaultConfigurationIsVisible = 0;
			defaultConfigurationName = Release;
		};
		9625F8D61D4A597F003B1367 /* Build configuration list for PBXNativeTarget "Smashtag" */ = {
			isa = XCConfigurationList;
			buildConfigurations = (
				9625F8D71D4A597F003B1367 /* Debug */,
				9625F8D81D4A597F003B1367 /* Release */,
			);
			defaultConfigurationIsVisible = 0;
		};
/* End XCConfigurationList section */
	};
	rootObject = 9625F8BC1D4A597F003B1367 /* Project object */;
}
